
Microsoft Visual Studio Solution File, Format Version 12.00
# Visual Studio 14
VisualStudioVersion = 14.0.25123.0
MinimumVisualStudioVersion = 10.0.40219.1
Project("{FAE04EC0-301F-11D3-BF4B-00C04F79EFBC}") = "TestFramework", "TestFramework\TestFramework.csproj", "{52DCD275-9A8B-48B4-A634-92E4FCD60B76}"
EndProject
Project("{FAE04EC0-301F-11D3-BF4B-00C04F79EFBC}") = "Tests", "Tests\Tests.csproj", "{883BC012-12EA-4ADE-85E4-06D32720EFFC}"
EndProject
Global
	GlobalSection(SolutionConfigurationPlatforms) = preSolution
		Debug|Any CPU = Debug|Any CPU
		Release|Any CPU = Release|Any CPU
	EndGlobalSection
	GlobalSection(ProjectConfigurationPlatforms) = postSolution
		{52DCD275-9A8B-48B4-A634-92E4FCD60B76}.Debug|Any CPU.ActiveCfg = Debug|Any CPU
		{52DCD275-9A8B-48B4-A634-92E4FCD60B76}.Debug|Any CPU.Build.0 = Debug|Any CPU
		{52DCD275-9A8B-48B4-A634-92E4FCD60B76}.Release|Any CPU.ActiveCfg = Release|Any CPU
		{52DCD275-9A8B-48B4-A634-92E4FCD60B76}.Release|Any CPU.Build.0 = Release|Any CPU
		{883BC012-12EA-4ADE-85E4-06D32720EFFC}.Debug|Any CPU.ActiveCfg = Debug|Any CPU
		{883BC012-12EA-4ADE-85E4-06D32720EFFC}.Debug|Any CPU.Build.0 = Debug|Any CPU
		{883BC012-12EA-4ADE-85E4-06D32720EFFC}.Release|Any CPU.ActiveCfg = Release|Any CPU
		{883BC012-12EA-4ADE-85E4-06D32720EFFC}.Release|Any CPU.Build.0 = Release|Any CPU
	EndGlobalSection
	GlobalSection(SolutionProperties) = preSolution
		HideSolutionNode = FALSE
	EndGlobalSection
EndGlobal
